{
    "name": "php-grapesjs",
    "version": "0.0.2",
    "lockfileVersion": 3,
    "requires": true,
    "packages": {
        "": {
            "name": "php-grapesjs",
            "version": "0.0.2",
            "dependencies": {
                "php-grapesjs": "file:"
            }
        },
        "node_modules/php-grapesjs": {
            "resolved": "",
            "link": true
        }
    }
}
